
Microsoft Visual Studio Solution File, Format Version 12.00
Project("{FAE04EC0-301F-11D3-BF4B-00C04F79EFBC}") = "TSP", "TSP\TSP.csproj", "{4EAE65BB-ECB0-4BDD-AB4A-148E0A0B79C6}"
EndProject
Global
	GlobalSection(SolutionConfigurationPlatforms) = preSolution
		Debug|Any CPU = Debug|Any CPU
		Release|Any CPU = Release|Any CPU
	EndGlobalSection
	GlobalSection(ProjectConfigurationPlatforms) = postSolution
		{4EAE65BB-ECB0-4BDD-AB4A-148E0A0B79C6}.Debug|Any CPU.ActiveCfg = Debug|Any CPU
		{4EAE65BB-ECB0-4BDD-AB4A-148E0A0B79C6}.Debug|Any CPU.Build.0 = Debug|Any CPU
		{4EAE65BB-ECB0-4BDD-AB4A-148E0A0B79C6}.Release|Any CPU.ActiveCfg = Release|Any CPU
		{4EAE65BB-ECB0-4BDD-AB4A-148E0A0B79C6}.Release|Any CPU.Build.0 = Release|Any CPU
	EndGlobalSection
EndGlobal
